
Microsoft Visual Studio Solution File, Format Version 12.00
# Visual Studio Version 17
VisualStudioVersion = 17.11.35222.181
MinimumVisualStudioVersion = 10.0.40219.1
Project("{FAE04EC0-301F-11D3-BF4B-00C04F79EFBC}") = "WpfDead", "WpfDead.csproj", "{FFD5FEDE-B1D8-4F49-B77F-80F3BBB1429B}"
EndProject
Project("{FAE04EC0-301F-11D3-BF4B-00C04F79EFBC}") = "WebDead", "..\WebDead\WebDead.csproj", "{DACBA591-F76E-40C1-97E4-9AAD438F7359}"
EndProject
Global
	GlobalSection(SolutionConfigurationPlatforms) = preSolution
		Debug|Any CPU = Debug|Any CPU
		Release|Any CPU = Release|Any CPU
	EndGlobalSection
	GlobalSection(ProjectConfigurationPlatforms) = postSolution
		{FFD5FEDE-B1D8-4F49-B77F-80F3BBB1429B}.Debug|Any CPU.ActiveCfg = Debug|Any CPU
		{FFD5FEDE-B1D8-4F49-B77F-80F3BBB1429B}.Debug|Any CPU.Build.0 = Debug|Any CPU
		{FFD5FEDE-B1D8-4F49-B77F-80F3BBB1429B}.Release|Any CPU.ActiveCfg = Release|Any CPU
		{FFD5FEDE-B1D8-4F49-B77F-80F3BBB1429B}.Release|Any CPU.Build.0 = Release|Any CPU
		{DACBA591-F76E-40C1-97E4-9AAD438F7359}.Debug|Any CPU.ActiveCfg = Debug|Any CPU
		{DACBA591-F76E-40C1-97E4-9AAD438F7359}.Debug|Any CPU.Build.0 = Debug|Any CPU
		{DACBA591-F76E-40C1-97E4-9AAD438F7359}.Release|Any CPU.ActiveCfg = Release|Any CPU
		{DACBA591-F76E-40C1-97E4-9AAD438F7359}.Release|Any CPU.Build.0 = Release|Any CPU
	EndGlobalSection
	GlobalSection(SolutionProperties) = preSolution
		HideSolutionNode = FALSE
	EndGlobalSection
	GlobalSection(ExtensibilityGlobals) = postSolution
		SolutionGuid = {CF8DD507-E47A-4AC7-A453-D114C59E4FB6}
	EndGlobalSection
EndGlobal
